
Microsoft Visual Studio Solution File, Format Version 12.00
# Visual Studio Version 16
VisualStudioVersion = 16.0.30907.101
MinimumVisualStudioVersion = 10.0.40219.1
Project("{9A19103F-16F7-4668-BE54-9A1E7A4F7556}") = "calcC", "calcC\calcC.csproj", "{766748A6-735A-4910-96BE-1BC4244D7209}"
EndProject
Project("{9A19103F-16F7-4668-BE54-9A1E7A4F7556}") = "Calculator.Test.Unit", "Calculator.Test.Unit\Calculator.Test.Unit.csproj", "{88FCA9CB-D301-4DE1-A850-4442E15A34C5}"
EndProject
Global
	GlobalSection(SolutionConfigurationPlatforms) = preSolution
		Debug|Any CPU = Debug|Any CPU
		Release|Any CPU = Release|Any CPU
	EndGlobalSection
	GlobalSection(ProjectConfigurationPlatforms) = postSolution
		{766748A6-735A-4910-96BE-1BC4244D7209}.Debug|Any CPU.ActiveCfg = Debug|Any CPU
		{766748A6-735A-4910-96BE-1BC4244D7209}.Debug|Any CPU.Build.0 = Debug|Any CPU
		{766748A6-735A-4910-96BE-1BC4244D7209}.Release|Any CPU.ActiveCfg = Release|Any CPU
		{766748A6-735A-4910-96BE-1BC4244D7209}.Release|Any CPU.Build.0 = Release|Any CPU
		{88FCA9CB-D301-4DE1-A850-4442E15A34C5}.Debug|Any CPU.ActiveCfg = Debug|Any CPU
		{88FCA9CB-D301-4DE1-A850-4442E15A34C5}.Debug|Any CPU.Build.0 = Debug|Any CPU
		{88FCA9CB-D301-4DE1-A850-4442E15A34C5}.Release|Any CPU.ActiveCfg = Release|Any CPU
		{88FCA9CB-D301-4DE1-A850-4442E15A34C5}.Release|Any CPU.Build.0 = Release|Any CPU
	EndGlobalSection
	GlobalSection(SolutionProperties) = preSolution
		HideSolutionNode = FALSE
	EndGlobalSection
	GlobalSection(ExtensibilityGlobals) = postSolution
		SolutionGuid = {A97F4484-A37B-4208-9B63-44C219B8D727}
	EndGlobalSection
EndGlobal
